<?xml version="1.0" encoding="utf-8"?>
<Project ToolsVersion="4.0" xmlns="http://schemas.microsoft.com/developer/msbuild/2003">
  <ItemGroup>
    <Filter Include="Source Files">
      <UniqueIdentifier>{4FC737F1-C7A5-4376-A066-2A32D752A2FF}</UniqueIdentifier>
      <Extensions>cpp;c;cc;cxx;c++;cppm;ixx;def;odl;idl;hpj;bat;asm;asmx</Extensions>
    </Filter>
    <Filter Include="Source Files\engine">
      <UniqueIdentifier>{630b9742-0774-4d97-b020-234531d2d2b7}</UniqueIdentifier>
    </Filter>
  </ItemGroup>
  <ItemGroup>
    <ClCompile Include="main.cpp">
      <Filter>Source Files</Filter>
    </ClCompile>
    <ClCompile Include="application.cpp">
      <Filter>Source Files\engine</Filter>
    </ClCompile>
    <ClCompile Include="framebuffer.cpp">
      <Filter>Source Files\engine</Filter>
    </ClCompile>
    <ClCompile Include="vector.cpp">
      <Filter>Source Files\engine</Filter>
    </ClCompile>
    <ClCompile Include="pixel.cpp">
      <Filter>Source Files\engine</Filter>
    </ClCompile>
    <ClCompile Include="color.cpp">
      <Filter>Source Files\engine</Filter>
    </ClCompile>
    <ClCompile Include="core.cpp">
      <Filter>Source Files\engine</Filter>
    </ClCompile>
    <ClCompile Include="matrix.cpp">
      <Filter>Source Files\engine</Filter>
    </ClCompile>
    <ClCompile Include="mesh.cpp">
      <Filter>Source Files\engine</Filter>
    </ClCompile>
  </ItemGroup>
  <ItemGroup>
    <ClInclude Include="application.h">
      <Filter>Source Files\engine</Filter>
    </ClInclude>
    <ClInclude Include="framebuffer.h">
      <Filter>Source Files\engine</Filter>
    </ClInclude>
    <ClInclude Include="core.h">
      <Filter>Source Files\engine</Filter>
    </ClInclude>
    <ClInclude Include="pixel.h">
      <Filter>Source Files\engine</Filter>
    </ClInclude>
    <ClInclude Include="vector.h">
      <Filter>Source Files\engine</Filter>
    </ClInclude>
    <ClInclude Include="color.h">
      <Filter>Source Files\engine</Filter>
    </ClInclude>
    <ClInclude Include="vertex.h">
      <Filter>Source Files\engine</Filter>
    </ClInclude>
    <ClInclude Include="triangle.h">
      <Filter>Source Files\engine</Filter>
    </ClInclude>
    <ClInclude Include="scene.h">
      <Filter>Source Files\engine</Filter>
    </ClInclude>
    <ClInclude Include="matrix.h">
      <Filter>Source Files\engine</Filter>
    </ClInclude>
    <ClInclude Include="math.h">
      <Filter>Source Files\engine</Filter>
    </ClInclude>
    <ClInclude Include="mesh.h">
      <Filter>Source Files\engine</Filter>
    </ClInclude>
    <ClInclude Include="coordinates.h">
      <Filter>Source Files\engine</Filter>
    </ClInclude>
  </ItemGroup>
</Project>